
Microsoft Visual Studio Solution File, Format Version 12.00
# Visual Studio 15
VisualStudioVersion = 15.0.28307.757
MinimumVisualStudioVersion = 10.0.40219.1
Project("{FAE04EC0-301F-11D3-BF4B-00C04F79EFBC}") = "EstadoCidade", "EstadoCidade\EstadoCidade.csproj", "{C375974A-07F2-48D0-823A-9036D55F662E}"
EndProject
Global
	GlobalSection(SolutionConfigurationPlatforms) = preSolution
		Debug|Any CPU = Debug|Any CPU
		Release|Any CPU = Release|Any CPU
	EndGlobalSection
	GlobalSection(ProjectConfigurationPlatforms) = postSolution
		{C375974A-07F2-48D0-823A-9036D55F662E}.Debug|Any CPU.ActiveCfg = Debug|Any CPU
		{C375974A-07F2-48D0-823A-9036D55F662E}.Debug|Any CPU.Build.0 = Debug|Any CPU
		{C375974A-07F2-48D0-823A-9036D55F662E}.Release|Any CPU.ActiveCfg = Release|Any CPU
		{C375974A-07F2-48D0-823A-9036D55F662E}.Release|Any CPU.Build.0 = Release|Any CPU
	EndGlobalSection
	GlobalSection(SolutionProperties) = preSolution
		HideSolutionNode = FALSE
	EndGlobalSection
	GlobalSection(ExtensibilityGlobals) = postSolution
		SolutionGuid = {A655C676-24FC-4145-AB75-CEB3A020ECB0}
	EndGlobalSection
EndGlobal
